
Microsoft Visual Studio Solution File, Format Version 12.00
# Visual Studio Version 17
VisualStudioVersion = 17.9.34728.123
MinimumVisualStudioVersion = 10.0.40219.1
Project("{9A19103F-16F7-4668-BE54-9A1E7A4F7556}") = "ExpressVoiture.Web", "ExpressVoiture.Web\ExpressVoiture.Web.csproj", "{CB8CEB07-4AE4-496D-A89C-9121908003D6}"
EndProject
Project("{FAE04EC0-301F-11D3-BF4B-00C04F79EFBC}") = "ExpressVoiture.Tests", "ExpressVoiture.Tests\ExpressVoiture.Tests.csproj", "{90EEE9AD-10C5-4666-A9B0-E4398CAFED38}"
EndProject
Project("{2150E333-8FDC-42A3-9474-1A3956D46DE8}") = "API", "API", "{02EA681E-C7D8-13C7-8484-4AC65E1B71E8}"
EndProject
Project("{FAE04EC0-301F-11D3-BF4B-00C04F79EFBC}") = "ExpressVoiture.API", "ExpressVoiture.API\ExpressVoiture.API.csproj", "{7722E62D-2E44-4543-B322-0F04FE1AC16C}"
	ProjectSection(ProjectDependencies) = postProject
		{AFB6E95A-C3CE-43AD-9C60-A76A6D9553AF} = {AFB6E95A-C3CE-43AD-9C60-A76A6D9553AF}
	EndProjectSection
EndProject
Project("{FAE04EC0-301F-11D3-BF4B-00C04F79EFBC}") = "ExpressVoiture.API.Domain", "ExpressVoiture.API.Domain\ExpressVoiture.API.Domain.csproj", "{0F87EB47-8103-446E-AF3D-C1D1743597AB}"
EndProject
Project("{FAE04EC0-301F-11D3-BF4B-00C04F79EFBC}") = "ExpressVoiture.API.Infrastructure", "ExpressVoiture.API.Infrastructure\ExpressVoiture.API.Infrastructure.csproj", "{AFB6E95A-C3CE-43AD-9C60-A76A6D9553AF}"
EndProject
Project("{2150E333-8FDC-42A3-9474-1A3956D46DE8}") = "Shared", "Shared", "{00DE5ECC-53F0-415B-BCEC-364CB73D36B7}"
EndProject
Project("{FAE04EC0-301F-11D3-BF4B-00C04F79EFBC}") = "ExpressVoiture.Shared", "ExpressVoiture.Shared\ExpressVoiture.Shared.csproj", "{51028A89-E66C-43EA-9F43-D2B8A6FB01BC}"
EndProject
Project("{FAE04EC0-301F-11D3-BF4B-00C04F79EFBC}") = "ExpressVoiture.API.Application", "ExpressVoiture.API.Application\ExpressVoiture.API.Application.csproj", "{3307F5CF-57D2-42B1-9A9E-B8D4BC1B58BA}"
EndProject
Project("{2150E333-8FDC-42A3-9474-1A3956D46DE8}") = "Client Web", "Client Web", "{683BE5B4-094F-4A6C-BCEC-9806DA2303AF}"
EndProject
Project("{2150E333-8FDC-42A3-9474-1A3956D46DE8}") = "Client Mobile", "Client Mobile", "{12171E02-EB98-446D-A6FA-9A4A571366AE}"
EndProject
Global
	GlobalSection(SolutionConfigurationPlatforms) = preSolution
		Debug|Any CPU = Debug|Any CPU
		Release|Any CPU = Release|Any CPU
	EndGlobalSection
	GlobalSection(ProjectConfigurationPlatforms) = postSolution
		{CB8CEB07-4AE4-496D-A89C-9121908003D6}.Debug|Any CPU.ActiveCfg = Debug|Any CPU
		{CB8CEB07-4AE4-496D-A89C-9121908003D6}.Debug|Any CPU.Build.0 = Debug|Any CPU
		{CB8CEB07-4AE4-496D-A89C-9121908003D6}.Release|Any CPU.ActiveCfg = Release|Any CPU
		{CB8CEB07-4AE4-496D-A89C-9121908003D6}.Release|Any CPU.Build.0 = Release|Any CPU
		{90EEE9AD-10C5-4666-A9B0-E4398CAFED38}.Debug|Any CPU.ActiveCfg = Debug|Any CPU
		{90EEE9AD-10C5-4666-A9B0-E4398CAFED38}.Debug|Any CPU.Build.0 = Debug|Any CPU
		{90EEE9AD-10C5-4666-A9B0-E4398CAFED38}.Release|Any CPU.ActiveCfg = Release|Any CPU
		{90EEE9AD-10C5-4666-A9B0-E4398CAFED38}.Release|Any CPU.Build.0 = Release|Any CPU
		{7722E62D-2E44-4543-B322-0F04FE1AC16C}.Debug|Any CPU.ActiveCfg = Debug|Any CPU
		{7722E62D-2E44-4543-B322-0F04FE1AC16C}.Debug|Any CPU.Build.0 = Debug|Any CPU
		{7722E62D-2E44-4543-B322-0F04FE1AC16C}.Release|Any CPU.ActiveCfg = Release|Any CPU
		{7722E62D-2E44-4543-B322-0F04FE1AC16C}.Release|Any CPU.Build.0 = Release|Any CPU
		{0F87EB47-8103-446E-AF3D-C1D1743597AB}.Debug|Any CPU.ActiveCfg = Debug|Any CPU
		{0F87EB47-8103-446E-AF3D-C1D1743597AB}.Debug|Any CPU.Build.0 = Debug|Any CPU
		{0F87EB47-8103-446E-AF3D-C1D1743597AB}.Release|Any CPU.ActiveCfg = Release|Any CPU
		{0F87EB47-8103-446E-AF3D-C1D1743597AB}.Release|Any CPU.Build.0 = Release|Any CPU
		{AFB6E95A-C3CE-43AD-9C60-A76A6D9553AF}.Debug|Any CPU.ActiveCfg = Debug|Any CPU
		{AFB6E95A-C3CE-43AD-9C60-A76A6D9553AF}.Debug|Any CPU.Build.0 = Debug|Any CPU
		{AFB6E95A-C3CE-43AD-9C60-A76A6D9553AF}.Release|Any CPU.ActiveCfg = Release|Any CPU
		{AFB6E95A-C3CE-43AD-9C60-A76A6D9553AF}.Release|Any CPU.Build.0 = Release|Any CPU
		{51028A89-E66C-43EA-9F43-D2B8A6FB01BC}.Debug|Any CPU.ActiveCfg = Debug|Any CPU
		{51028A89-E66C-43EA-9F43-D2B8A6FB01BC}.Debug|Any CPU.Build.0 = Debug|Any CPU
		{51028A89-E66C-43EA-9F43-D2B8A6FB01BC}.Release|Any CPU.ActiveCfg = Release|Any CPU
		{51028A89-E66C-43EA-9F43-D2B8A6FB01BC}.Release|Any CPU.Build.0 = Release|Any CPU
		{3307F5CF-57D2-42B1-9A9E-B8D4BC1B58BA}.Debug|Any CPU.ActiveCfg = Debug|Any CPU
		{3307F5CF-57D2-42B1-9A9E-B8D4BC1B58BA}.Debug|Any CPU.Build.0 = Debug|Any CPU
		{3307F5CF-57D2-42B1-9A9E-B8D4BC1B58BA}.Release|Any CPU.ActiveCfg = Release|Any CPU
		{3307F5CF-57D2-42B1-9A9E-B8D4BC1B58BA}.Release|Any CPU.Build.0 = Release|Any CPU
	EndGlobalSection
	GlobalSection(SolutionProperties) = preSolution
		HideSolutionNode = FALSE
	EndGlobalSection
	GlobalSection(NestedProjects) = preSolution
		{CB8CEB07-4AE4-496D-A89C-9121908003D6} = {683BE5B4-094F-4A6C-BCEC-9806DA2303AF}
		{7722E62D-2E44-4543-B322-0F04FE1AC16C} = {02EA681E-C7D8-13C7-8484-4AC65E1B71E8}
		{0F87EB47-8103-446E-AF3D-C1D1743597AB} = {02EA681E-C7D8-13C7-8484-4AC65E1B71E8}
		{AFB6E95A-C3CE-43AD-9C60-A76A6D9553AF} = {02EA681E-C7D8-13C7-8484-4AC65E1B71E8}
		{51028A89-E66C-43EA-9F43-D2B8A6FB01BC} = {00DE5ECC-53F0-415B-BCEC-364CB73D36B7}
		{3307F5CF-57D2-42B1-9A9E-B8D4BC1B58BA} = {02EA681E-C7D8-13C7-8484-4AC65E1B71E8}
	EndGlobalSection
	GlobalSection(ExtensibilityGlobals) = postSolution
		SolutionGuid = {ADE33D96-2B11-4966-859D-986039FABDB0}
	EndGlobalSection
EndGlobal
